{
  "pins" : [
    {
      "identity" : "convex-swift",
      "kind" : "remoteSourceControl",
      "location" : "https://github.com/get-convex/convex-swift",
      "state" : {
        "revision" : "125b71b2f8725931a5b0e8252f0799ef2adad120",
        "version" : "0.8.1"
      }
    }
  ],
  "version" : 2
}
